
Microsoft Visual Studio Solution File, Format Version 12.00
# Visual Studio 15
VisualStudioVersion = 15.0.27428.2043
MinimumVisualStudioVersion = 10.0.40219.1
Project("{FAE04EC0-301F-11D3-BF4B-00C04F79EFBC}") = "LabNumber9GC", "LabNumber9GC\LabNumber9GC.csproj", "{79EE9934-22D9-4525-93A6-395ACF22FA64}"
EndProject
Global
	GlobalSection(SolutionConfigurationPlatforms) = preSolution
		Debug|Any CPU = Debug|Any CPU
		Release|Any CPU = Release|Any CPU
	EndGlobalSection
	GlobalSection(ProjectConfigurationPlatforms) = postSolution
		{79EE9934-22D9-4525-93A6-395ACF22FA64}.Debug|Any CPU.ActiveCfg = Debug|Any CPU
		{79EE9934-22D9-4525-93A6-395ACF22FA64}.Debug|Any CPU.Build.0 = Debug|Any CPU
		{79EE9934-22D9-4525-93A6-395ACF22FA64}.Release|Any CPU.ActiveCfg = Release|Any CPU
		{79EE9934-22D9-4525-93A6-395ACF22FA64}.Release|Any CPU.Build.0 = Release|Any CPU
	EndGlobalSection
	GlobalSection(SolutionProperties) = preSolution
		HideSolutionNode = FALSE
	EndGlobalSection
	GlobalSection(ExtensibilityGlobals) = postSolution
		SolutionGuid = {18DC568D-C8C7-40B2-BE61-867EE8DDDD6E}
	EndGlobalSection
EndGlobal
